
Microsoft Visual Studio Solution File, Format Version 12.00
# Visual Studio Version 17
VisualStudioVersion = 17.0.31919.166
MinimumVisualStudioVersion = 10.0.40219.1
Project("{2150E333-8FDC-42A3-9474-1A3956D46DE8}") = "Solution Items", "Solution Items", "{BA6CACE4-0E4F-47EE-8AE5-FE677457B2F1}"
	ProjectSection(SolutionItems) = preProject
		..\README.md = ..\README.md
	EndProjectSection
EndProject
Project("{9A19103F-16F7-4668-BE54-9A1E7A4F7556}") = "Targil0", "Targil0\Targil0.csproj", "{09C498F4-64F4-4507-8EEB-748074A398B2}"
EndProject
Project("{9A19103F-16F7-4668-BE54-9A1E7A4F7556}") = "DAL", "DAL\DAL.csproj", "{0E9E2EA0-85DD-40F6-8D5D-958528E5DA87}"
EndProject
Project("{9A19103F-16F7-4668-BE54-9A1E7A4F7556}") = "ConsoleUI", "ConsoleUI\ConsoleUI.csproj", "{AC39773F-D1C1-4A16-BC5B-5768CCAC5A73}"
EndProject
Project("{9A19103F-16F7-4668-BE54-9A1E7A4F7556}") = "BL", "BL\BL.csproj", "{681930FB-FAE8-4AD0-A360-E28C5AD6065F}"
EndProject
Project("{9A19103F-16F7-4668-BE54-9A1E7A4F7556}") = "ConsoleUI_BL", "ConsoleUI_BL\ConsoleUI_BL.csproj", "{81EA566F-DC7A-416A-9E81-C6081D5FDE21}"
EndProject
Project("{9A19103F-16F7-4668-BE54-9A1E7A4F7556}") = "PL", "PL\PL.csproj", "{69F2E24A-DD8C-4B75-94EA-175B5E00DB2B}"
EndProject
Project("{2150E333-8FDC-42A3-9474-1A3956D46DE8}") = "Data", "Data", "{1AD16526-1A42-4F51-9998-164C89FFD07B}"
	ProjectSection(SolutionItems) = preProject
		XmlParcels.xml = XmlParcels.xml
	EndProjectSection
EndProject
Global
	GlobalSection(SolutionConfigurationPlatforms) = preSolution
		Debug|Any CPU = Debug|Any CPU
		Release|Any CPU = Release|Any CPU
	EndGlobalSection
	GlobalSection(ProjectConfigurationPlatforms) = postSolution
		{09C498F4-64F4-4507-8EEB-748074A398B2}.Debug|Any CPU.ActiveCfg = Debug|Any CPU
		{09C498F4-64F4-4507-8EEB-748074A398B2}.Debug|Any CPU.Build.0 = Debug|Any CPU
		{09C498F4-64F4-4507-8EEB-748074A398B2}.Release|Any CPU.ActiveCfg = Release|Any CPU
		{09C498F4-64F4-4507-8EEB-748074A398B2}.Release|Any CPU.Build.0 = Release|Any CPU
		{0E9E2EA0-85DD-40F6-8D5D-958528E5DA87}.Debug|Any CPU.ActiveCfg = Debug|Any CPU
		{0E9E2EA0-85DD-40F6-8D5D-958528E5DA87}.Debug|Any CPU.Build.0 = Debug|Any CPU
		{0E9E2EA0-85DD-40F6-8D5D-958528E5DA87}.Release|Any CPU.ActiveCfg = Release|Any CPU
		{0E9E2EA0-85DD-40F6-8D5D-958528E5DA87}.Release|Any CPU.Build.0 = Release|Any CPU
		{AC39773F-D1C1-4A16-BC5B-5768CCAC5A73}.Debug|Any CPU.ActiveCfg = Debug|Any CPU
		{AC39773F-D1C1-4A16-BC5B-5768CCAC5A73}.Debug|Any CPU.Build.0 = Debug|Any CPU
		{AC39773F-D1C1-4A16-BC5B-5768CCAC5A73}.Release|Any CPU.ActiveCfg = Release|Any CPU
		{AC39773F-D1C1-4A16-BC5B-5768CCAC5A73}.Release|Any CPU.Build.0 = Release|Any CPU
		{681930FB-FAE8-4AD0-A360-E28C5AD6065F}.Debug|Any CPU.ActiveCfg = Debug|Any CPU
		{681930FB-FAE8-4AD0-A360-E28C5AD6065F}.Debug|Any CPU.Build.0 = Debug|Any CPU
		{681930FB-FAE8-4AD0-A360-E28C5AD6065F}.Release|Any CPU.ActiveCfg = Release|Any CPU
		{681930FB-FAE8-4AD0-A360-E28C5AD6065F}.Release|Any CPU.Build.0 = Release|Any CPU
		{81EA566F-DC7A-416A-9E81-C6081D5FDE21}.Debug|Any CPU.ActiveCfg = Debug|Any CPU
		{81EA566F-DC7A-416A-9E81-C6081D5FDE21}.Debug|Any CPU.Build.0 = Debug|Any CPU
		{81EA566F-DC7A-416A-9E81-C6081D5FDE21}.Release|Any CPU.ActiveCfg = Release|Any CPU
		{81EA566F-DC7A-416A-9E81-C6081D5FDE21}.Release|Any CPU.Build.0 = Release|Any CPU
		{69F2E24A-DD8C-4B75-94EA-175B5E00DB2B}.Debug|Any CPU.ActiveCfg = Debug|Any CPU
		{69F2E24A-DD8C-4B75-94EA-175B5E00DB2B}.Debug|Any CPU.Build.0 = Debug|Any CPU
		{69F2E24A-DD8C-4B75-94EA-175B5E00DB2B}.Release|Any CPU.ActiveCfg = Release|Any CPU
		{69F2E24A-DD8C-4B75-94EA-175B5E00DB2B}.Release|Any CPU.Build.0 = Release|Any CPU
	EndGlobalSection
	GlobalSection(SolutionProperties) = preSolution
		HideSolutionNode = FALSE
	EndGlobalSection
	GlobalSection(ExtensibilityGlobals) = postSolution
		SolutionGuid = {16A94880-D659-41D4-9196-C5AD222AC076}
	EndGlobalSection
EndGlobal
